// !$*UTF8*$!
{
	archiveVersion = 1;
	classes = {
	};
	objectVersion = 46;
	objects = {

/* Begin PBXBuildFile section */
		1303CB301E72544800CA98F4 /* AppDelegate.swift in Sources */ = {isa = PBXBuildFile; fileRef = 1303CB2F1E72544800CA98F4 /* AppDelegate.swift */; };
		1303CB321E72544800CA98F4 /* ViewController.swift in Sources */ = {isa = PBXBuildFile; fileRef = 1303CB311E72544800CA98F4 /* ViewController.swift */; };
		1303CB351E72544800CA98F4 /* Main.storyboard in Resources */ = {isa = PBXBuildFile; fileRef = 1303CB331E72544800CA98F4 /* Main.storyboard */; };
		1303CB371E72544800CA98F4 /* Assets.xcassets in Resources */ = {isa = PBXBuildFile; fileRef = 1303CB361E72544800CA98F4 /* Assets.xcassets */; };
		1303CB3A1E72544800CA98F4 /* LaunchScreen.storyboard in Resources */ = {isa = PBXBuildFile; fileRef = 1303CB381E72544800CA98F4 /* LaunchScreen.storyboard */; };
		1303CB451E72544800CA98F4 /* pokedexTests.swift in Sources */ = {isa = PBXBuildFile; fileRef = 1303CB441E72544800CA98F4 /* pokedexTests.swift */; };
		1303CB501E72544800CA98F4 /* pokedexUITests.swift in Sources */ = {isa = PBXBuildFile; fileRef = 1303CB4F1E72544800CA98F4 /* pokedexUITests.swift */; };
		13F37A1A1E725B730020672D /* pokemon.csv in Resources */ = {isa = PBXBuildFile; fileRef = 13F37A191E725B730020672D /* pokemon.csv */; };
/* End PBXBuildFile section */

/* Begin PBXContainerItemProxy section */
		1303CB411E72544800CA98F4 /* PBXContainerItemProxy */ = {
			isa = PBXContainerItemProxy;
			containerPortal = 1303CB241E72544800CA98F4 /* Project object */;
			proxyType = 1;
			remoteGlobalIDString = 1303CB2B1E72544800CA98F4;
			remoteInfo = pokedex;
		};
		1303CB4C1E72544800CA98F4 /* PBXContainerItemProxy */ = {
			isa = PBXContainerItemProxy;
			containerPortal = 1303CB241E72544800CA98F4 /* Project object */;
			proxyType = 1;
			remoteGlobalIDString = 1303CB2B1E72544800CA98F4;
			remoteInfo = pokedex;
		};
/* End PBXContainerItemProxy section */

/* Begin PBXFileReference section */
		1303CB2C1E72544800CA98F4 /* pokedex.app */ = {isa = PBXFileReference; explicitFileType = wrapper.application; includeInIndex = 0; path = pokedex.app; sourceTree = BUILT_PRODUCTS_DIR; };
		1303CB2F1E72544800CA98F4 /* AppDelegate.swift */ = {isa = PBXFileReference; lastKnownFileType = sourcecode.swift; path = AppDelegate.swift; sourceTree = "<group>"; };
		1303CB311E72544800CA98F4 /* ViewController.swift */ = {isa = PBXFileReference; lastKnownFileType = sourcecode.swift; path = ViewController.swift; sourceTree = "<group>"; };
		1303CB341E72544800CA98F4 /* Base */ = {isa = PBXFileReference; lastKnownFileType = file.storyboard; name = Base; path = Base.lproj/Main.storyboard; sourceTree = "<group>"; };
		1303CB361E72544800CA98F4 /* Assets.xcassets */ = {isa = PBXFileReference; lastKnownFileType = folder.assetcatalog; path = Assets.xcassets; sourceTree = "<group>"; };
		1303CB391E72544800CA98F4 /* Base */ = {isa = PBXFileReference; lastKnownFileType = file.storyboard; name = Base; path = Base.lproj/LaunchScreen.storyboard; sourceTree = "<group>"; };
		1303CB3B1E72544800CA98F4 /* Info.plist */ = {isa = PBXFileReference; lastKnownFileType = text.plist.xml; path = Info.plist; sourceTree = "<group>"; };
		1303CB401E72544800CA98F4 /* pokedexTests.xctest */ = {isa = PBXFileReference; explicitFileType = wrapper.cfbundle; includeInIndex = 0; path = pokedexTests.xctest; sourceTree = BUILT_PRODUCTS_DIR; };
		1303CB441E72544800CA98F4 /* pokedexTests.swift */ = {isa = PBXFileReference; lastKnownFileType = sourcecode.swift; path = pokedexTests.swift; sourceTree = "<group>"; };
		1303CB461E72544800CA98F4 /* Info.plist */ = {isa = PBXFileReference; lastKnownFileType = text.plist.xml; path = Info.plist; sourceTree = "<group>"; };
		1303CB4B1E72544800CA98F4 /* pokedexUITests.xctest */ = {isa = PBXFileReference; explicitFileType = wrapper.cfbundle; includeInIndex = 0; path = pokedexUITests.xctest; sourceTree = BUILT_PRODUCTS_DIR; };
		1303CB4F1E72544800CA98F4 /* pokedexUITests.swift */ = {isa = PBXFileReference; lastKnownFileType = sourcecode.swift; path = pokedexUITests.swift; sourceTree = "<group>"; };
		1303CB511E72544800CA98F4 /* Info.plist */ = {isa = PBXFileReference; lastKnownFileType = text.plist.xml; path = Info.plist; sourceTree = "<group>"; };
		13F37A191E725B730020672D /* pokemon.csv */ = {isa = PBXFileReference; fileEncoding = 4; lastKnownFileType = text; path = pokemon.csv; sourceTree = "<group>"; };
/* End PBXFileReference section */

/* Begin PBXFrameworksBuildPhase section */
		1303CB291E72544800CA98F4 /* Frameworks */ = {
			isa = PBXFrameworksBuildPhase;
			buildActionMask = 2147483647;
			files = (
			);
			runOnlyForDeploymentPostprocessing = 0;
		};
		1303CB3D1E72544800CA98F4 /* Frameworks */ = {
			isa = PBXFrameworksBuildPhase;
			buildActionMask = 2147483647;
			files = (
			);
			runOnlyForDeploymentPostprocessing = 0;
		};
		1303CB481E72544800CA98F4 /* Frameworks */ = {
			isa = PBXFrameworksBuildPhase;
			buildActionMask = 2147483647;
			files = (
			);
			runOnlyForDeploymentPostprocessing = 0;
		};
/* End PBXFrameworksBuildPhase section */

/* Begin PBXGroup section */
		1303CB231E72544800CA98F4 = {
			isa = PBXGroup;
			children = (
				1303CB2E1E72544800CA98F4 /* pokedex */,
				1303CB431E72544800CA98F4 /* pokedexTests */,
				1303CB4E1E72544800CA98F4 /* pokedexUITests */,
				1303CB2D1E72544800CA98F4 /* Products */,
			);
			sourceTree = "<group>";
		};
		1303CB2D1E72544800CA98F4 /* Products */ = {
			isa = PBXGroup;
			children = (
				1303CB2C1E72544800CA98F4 /* pokedex.app */,
				1303CB401E72544800CA98F4 /* pokedexTests.xctest */,
				1303CB4B1E72544800CA98F4 /* pokedexUITests.xctest */,
			);
			name = Products;
			sourceTree = "<group>";
		};
		1303CB2E1E72544800CA98F4 /* pokedex */ = {
			isa = PBXGroup;
			children = (
				1303CB2F1E72544800CA98F4 /* AppDelegate.swift */,
				1303CB311E72544800CA98F4 /* ViewController.swift */,
				1303CB331E72544800CA98F4 /* Main.storyboard */,
				1303CB361E72544800CA98F4 /* Assets.xcassets */,
				13F37A191E725B730020672D /* pokemon.csv */,
				1303CB381E72544800CA98F4 /* LaunchScreen.storyboard */,
				1303CB3B1E72544800CA98F4 /* Info.plist */,
			);
			path = pokedex;
			sourceTree = "<group>";
		};
		1303CB431E72544800CA98F4 /* pokedexTests */ = {
			isa = PBXGroup;
			children = (
				1303CB441E72544800CA98F4 /* pokedexTests.swift */,
				1303CB461E72544800CA98F4 /* Info.plist */,
			);
			path = pokedexTests;
			sourceTree = "<group>";
		};
		1303CB4E1E72544800CA98F4 /* pokedexUITests */ = {
			isa = PBXGroup;
			children = (
				1303CB4F1E72544800CA98F4 /* pokedexUITests.swift */,
				1303CB511E72544800CA98F4 /* Info.plist */,
			);
			path = pokedexUITests;
			sourceTree = "<group>";
		};
/* End PBXGroup section */

/* Begin PBXNativeTarget section */
		1303CB2B1E72544800CA98F4 /* pokedex */ = {
			isa = PBXNativeTarget;
			buildConfigurationList = 1303CB541E72544800CA98F4 /* Build configuration list for PBXNativeTarget "pokedex" */;
			buildPhases = (
				1303CB281E72544800CA98F4 /* Sources */,
				1303CB291E72544800CA98F4 /* Frameworks */,
				1303CB2A1E72544800CA98F4 /* Resources */,
			);
			buildRules = (
			);
			dependencies = (
			);
			name = pokedex;
			productName = pokedex;
			productReference = 1303CB2C1E72544800CA98F4 /* pokedex.app */;
			productType = "com.apple.product-type.application";
		};
		1303CB3F1E72544800CA98F4 /* pokedexTests */ = {
			isa = PBXNativeTarget;
			buildConfigurationList = 1303CB571E72544800CA98F4 /* Build configuration list for PBXNativeTarget "pokedexTests" */;
			buildPhases = (
				1303CB3C1E72544800CA98F4 /* Sources */,
				1303CB3D1E72544800CA98F4 /* Frameworks */,
				1303CB3E1E72544800CA98F4 /* Resources */,
			);
			buildRules = (
			);
			dependencies = (
				1303CB421E72544800CA98F4 /* PBXTargetDependency */,
			);
			name = pokedexTests;
			productName = pokedexTests;
			productReference = 1303CB401E72544800CA98F4 /* pokedexTests.xctest */;
			productType = "com.apple.product-type.bundle.unit-test";
		};
		1303CB4A1E72544800CA98F4 /* pokedexUITests */ = {
			isa = PBXNativeTarget;
			buildConfigurationList = 1303CB5A1E72544800CA98F4 /* Build configuration list for PBXNativeTarget "pokedexUITests" */;
			buildPhases = (
				1303CB471E72544800CA98F4 /* Sources */,
				1303CB481E72544800CA98F4 /* Frameworks */,
				1303CB491E72544800CA98F4 /* Resources */,
			);
			buildRules = (
			);
			dependencies = (
				1303CB4D1E72544800CA98F4 /* PBXTargetDependency */,
			);
			name = pokedexUITests;
			productName = pokedexUITests;
			productReference = 1303CB4B1E72544800CA98F4 /* pokedexUITests.xctest */;
			productType = "com.apple.product-type.bundle.ui-testing";
		};
/* End PBXNativeTarget section */

/* Begin PBXProject section */
		1303CB241E72544800CA98F4 /* Project object */ = {
			isa = PBXProject;
			attributes = {
				LastSwiftUpdateCheck = 0820;
				LastUpgradeCheck = 0820;
				ORGANIZATIONNAME = Pragso;
				TargetAttributes = {
					1303CB2B1E72544800CA98F4 = {
						CreatedOnToolsVersion = 8.2.1;
						DevelopmentTeam = CGQ3PWYR2M;
						ProvisioningStyle = Automatic;
					};
					1303CB3F1E72544800CA98F4 = {
						CreatedOnToolsVersion = 8.2.1;
						DevelopmentTeam = CGQ3PWYR2M;
						ProvisioningStyle = Automatic;
						TestTargetID = 1303CB2B1E72544800CA98F4;
					};
					1303CB4A1E72544800CA98F4 = {
						CreatedOnToolsVersion = 8.2.1;
						DevelopmentTeam = CGQ3PWYR2M;
						ProvisioningStyle = Automatic;
						TestTargetID = 1303CB2B1E72544800CA98F4;
					};
				};
			};
			buildConfigurationList = 1303CB271E72544800CA98F4 /* Build configuration list for PBXProject "pokedex" */;
			compatibilityVersion = "Xcode 3.2";
			developmentRegion = English;
			hasScannedForEncodings = 0;
			knownRegions = (
				en,
				Base,
			);
			mainGroup = 1303CB231E72544800CA98F4;
			productRefGroup = 1303CB2D1E72544800CA98F4 /* Products */;
			projectDirPath = "";
			projectRoot = "";
			targets = (
				1303CB2B1E72544800CA98F4 /* pokedex */,
				1303CB3F1E72544800CA98F4 /* pokedexTests */,
				1303CB4A1E72544800CA98F4 /* pokedexUITests */,
			);
		};
/* End PBXProject section */

/* Begin PBXResourcesBuildPhase section */
		1303CB2A1E72544800CA98F4 /* Resources */ = {
			isa = PBXResourcesBuildPhase;
			buildActionMask = 2147483647;
			files = (
				1303CB3A1E72544800CA98F4 /* LaunchScreen.storyboard in Resources */,
				1303CB371E72544800CA98F4 /* Assets.xcassets in Resources */,
				13F37A1A1E725B730020672D /* pokemon.csv in Resources */,
				1303CB351E72544800CA98F4 /* Main.storyboard in Resources */,
			);
			runOnlyForDeploymentPostprocessing = 0;
		};
		1303CB3E1E72544800CA98F4 /* Resources */ = {
			isa = PBXResourcesBuildPhase;
			buildActionMask = 2147483647;
			files = (
			);
			runOnlyForDeploymentPostprocessing = 0;
		};
		1303CB491E72544800CA98F4 /* Resources */ = {
			isa = PBXResourcesBuildPhase;
			buildActionMask = 2147483647;
			files = (
			);
			runOnlyForDeploymentPostprocessing = 0;
		};
/* End PBXResourcesBuildPhase section */

/* Begin PBXSourcesBuildPhase section */
		1303CB281E72544800CA98F4 /* Sources */ = {
			isa = PBXSourcesBuildPhase;
			buildActionMask = 2147483647;
			files = (
				1303CB321E72544800CA98F4 /* ViewController.swift in Sources */,
				1303CB301E72544800CA98F4 /* AppDelegate.swift in Sources */,
			);
			runOnlyForDeploymentPostprocessing = 0;
		};
		1303CB3C1E72544800CA98F4 /* Sources */ = {
			isa = PBXSourcesBuildPhase;
			buildActionMask = 2147483647;
			files = (
				1303CB451E72544800CA98F4 /* pokedexTests.swift in Sources */,
			);
			runOnlyForDeploymentPostprocessing = 0;
		};
		1303CB471E72544800CA98F4 /* Sources */ = {
			isa = PBXSourcesBuildPhase;
			buildActionMask = 2147483647;
			files = (
				1303CB501E72544800CA98F4 /* pokedexUITests.swift in Sources */,
			);
			runOnlyForDeploymentPostprocessing = 0;
		};
/* End PBXSourcesBuildPhase section */

/* Begin PBXTargetDependency section */
		1303CB421E72544800CA98F4 /* PBXTargetDependency */ = {
			isa = PBXTargetDependency;
			target = 1303CB2B1E72544800CA98F4 /* pokedex */;
			targetProxy = 1303CB411E72544800CA98F4 /* PBXContainerItemProxy */;
		};
		1303CB4D1E72544800CA98F4 /* PBXTargetDependency */ = {
			isa = PBXTargetDependency;
			target = 1303CB2B1E72544800CA98F4 /* pokedex */;
			targetProxy = 1303CB4C1E72544800CA98F4 /* PBXContainerItemProxy */;
		};
/* End PBXTargetDependency section */

/* Begin PBXVariantGroup section */
		1303CB331E72544800CA98F4 /* Main.storyboard */ = {
			isa = PBXVariantGroup;
			children = (
				1303CB341E72544800CA98F4 /* Base */,
			);
			name = Main.storyboard;
			sourceTree = "<group>";
		};
		1303CB381E72544800CA98F4 /* LaunchScreen.storyboard */ = {
			isa = PBXVariantGroup;
			children = (
				1303CB391E72544800CA98F4 /* Base */,
			);
			name = LaunchScreen.storyboard;
			sourceTree = "<group>";
		};
/* End PBXVariantGroup section */

/* Begin XCBuildConfiguration section */
		1303CB521E72544800CA98F4 /* Debug */ = {
			isa = XCBuildConfiguration;
			buildSettings = {
				ALWAYS_SEARCH_USER_PATHS = NO;
				CLANG_ANALYZER_NONNULL = YES;
				CLANG_CXX_LANGUAGE_STANDARD = "gnu++0x";
				CLANG_CXX_LIBRARY = "libc++";
				CLANG_ENABLE_MODULES = YES;
				CLANG_ENABLE_OBJC_ARC = YES;
				CLANG_WARN_BOOL_CONVERSION = YES;
				CLANG_WARN_CONSTANT_CONVERSION = YES;
				CLANG_WARN_DIRECT_OBJC_ISA_USAGE = YES_ERROR;
				CLANG_WARN_DOCUMENTATION_COMMENTS = YES;
				CLANG_WARN_EMPTY_BODY = YES;
				CLANG_WARN_ENUM_CONVERSION = YES;
				CLANG_WARN_INFINITE_RECURSION = YES;
				CLANG_WARN_INT_CONVERSION = YES;
				CLANG_WARN_OBJC_ROOT_CLASS = YES_ERROR;
				CLANG_WARN_SUSPICIOUS_MOVE = YES;
				CLANG_WARN_UNREACHABLE_CODE = YES;
				CLANG_WARN__DUPLICATE_METHOD_MATCH = YES;
				"CODE_SIGN_IDENTITY[sdk=iphoneos*]" = "iPhone Developer";
				COPY_PHASE_STRIP = NO;
				DEBUG_INFORMATION_FORMAT = dwarf;
				ENABLE_STRICT_OBJC_MSGSEND = YES;
				ENABLE_TESTABILITY = YES;
				GCC_C_LANGUAGE_STANDARD = gnu99;
				GCC_DYNAMIC_NO_PIC = NO;
				GCC_NO_COMMON_BLOCKS = YES;
				GCC_OPTIMIZATION_LEVEL = 0;
				GCC_PREPROCESSOR_DEFINITIONS = (
					"DEBUG=1",
					"$(inherited)",
				);
				GCC_WARN_64_TO_32_BIT_CONVERSION = YES;
				GCC_WARN_ABOUT_RETURN_TYPE = YES_ERROR;
				GCC_WARN_UNDECLARED_SELECTOR = YES;
				GCC_WARN_UNINITIALIZED_AUTOS = YES_AGGRESSIVE;
				GCC_WARN_UNUSED_FUNCTION = YES;
				GCC_WARN_UNUSED_VARIABLE = YES;
				IPHONEOS_DEPLOYMENT_TARGET = 10.2;
				MTL_ENABLE_DEBUG_INFO = YES;
				ONLY_ACTIVE_ARCH = YES;
				SDKROOT = iphoneos;
				SWIFT_ACTIVE_COMPILATION_CONDITIONS = DEBUG;
				SWIFT_OPTIMIZATION_LEVEL = "-Onone";
				TARGETED_DEVICE_FAMILY = "1,2";
			};
			name = Debug;
		};
		1303CB531E72544800CA98F4 /* Release */ = {
			isa = XCBuildConfiguration;
			buildSettings = {
				ALWAYS_SEARCH_USER_PATHS = NO;
				CLANG_ANALYZER_NONNULL = YES;
				CLANG_CXX_LANGUAGE_STANDARD = "gnu++0x";
				CLANG_CXX_LIBRARY = "libc++";
				CLANG_ENABLE_MODULES = YES;
				CLANG_ENABLE_OBJC_ARC = YES;
				CLANG_WARN_BOOL_CONVERSION = YES;
				CLANG_WARN_CONSTANT_CONVERSION = YES;
				CLANG_WARN_DIRECT_OBJC_ISA_USAGE = YES_ERROR;
				CLANG_WARN_DOCUMENTATION_COMMENTS = YES;
				CLANG_WARN_EMPTY_BODY = YES;
				CLANG_WARN_ENUM_CONVERSION = YES;
				CLANG_WARN_INFINITE_RECURSION = YES;
				CLANG_WARN_INT_CONVERSION = YES;
				CLANG_WARN_OBJC_ROOT_CLASS = YES_ERROR;
				CLANG_WARN_SUSPICIOUS_MOVE = YES;
				CLANG_WARN_UNREACHABLE_CODE = YES;
				CLANG_WARN__DUPLICATE_METHOD_MATCH = YES;
				"CODE_SIGN_IDENTITY[sdk=iphoneos*]" = "iPhone Developer";
				COPY_PHASE_STRIP = NO;
				DEBUG_INFORMATION_FORMAT = "dwarf-with-dsym";
				ENABLE_NS_ASSERTIONS = NO;
				ENABLE_STRICT_OBJC_MSGSEND = YES;
				GCC_C_LANGUAGE_STANDARD = gnu99;
				GCC_NO_COMMON_BLOCKS = YES;
				GCC_WARN_64_TO_32_BIT_CONVERSION = YES;
				GCC_WARN_ABOUT_RETURN_TYPE = YES_ERROR;
				GCC_WARN_UNDECLARED_SELECTOR = YES;
				GCC_WARN_UNINITIALIZED_AUTOS = YES_AGGRESSIVE;
				GCC_WARN_UNUSED_FUNCTION = YES;
				GCC_WARN_UNUSED_VARIABLE = YES;
				IPHONEOS_DEPLOYMENT_TARGET = 10.2;
				MTL_ENABLE_DEBUG_INFO = NO;
				SDKROOT = iphoneos;
				SWIFT_OPTIMIZATION_LEVEL = "-Owholemodule";
				TARGETED_DEVICE_FAMILY = "1,2";
				VALIDATE_PRODUCT = YES;
			};
			name = Release;
		};
		1303CB551E72544800CA98F4 /* Debug */ = {
			isa = XCBuildConfiguration;
			buildSettings = {
				ASSETCATALOG_COMPILER_APPICON_NAME = AppIcon;
				DEVELOPMENT_TEAM = CGQ3PWYR2M;
				INFOPLIST_FILE = pokedex/Info.plist;
				LD_RUNPATH_SEARCH_PATHS = "$(inherited) @executable_path/Frameworks";
				PRODUCT_BUNDLE_IDENTIFIER = com.pragso.pokedex;
				PRODUCT_NAME = "$(TARGET_NAME)";
				SWIFT_VERSION = 3.0;
			};
			name = Debug;
		};
		1303CB561E72544800CA98F4 /* Release */ = {
			isa = XCBuildConfiguration;
			buildSettings = {
				ASSETCATALOG_COMPILER_APPICON_NAME = AppIcon;
				DEVELOPMENT_TEAM = CGQ3PWYR2M;
				INFOPLIST_FILE = pokedex/Info.plist;
				LD_RUNPATH_SEARCH_PATHS = "$(inherited) @executable_path/Frameworks";
				PRODUCT_BUNDLE_IDENTIFIER = com.pragso.pokedex;
				PRODUCT_NAME = "$(TARGET_NAME)";
				SWIFT_VERSION = 3.0;
			};
			name = Release;
		};
		1303CB581E72544800CA98F4 /* Debug */ = {
			isa = XCBuildConfiguration;
			buildSettings = {
				ALWAYS_EMBED_SWIFT_STANDARD_LIBRARIES = YES;
				BUNDLE_LOADER = "$(TEST_HOST)";
				DEVELOPMENT_TEAM = CGQ3PWYR2M;
				INFOPLIST_FILE = pokedexTests/Info.plist;
				LD_RUNPATH_SEARCH_PATHS = "$(inherited) @executable_path/Frameworks @loader_path/Frameworks";
				PRODUCT_BUNDLE_IDENTIFIER = com.pragso.pokedexTests;
				PRODUCT_NAME = "$(TARGET_NAME)";
				SWIFT_VERSION = 3.0;
				TEST_HOST = "$(BUILT_PRODUCTS_DIR)/pokedex.app/pokedex";
			};
			name = Debug;
		};
		1303CB591E72544800CA98F4 /* Release */ = {
			isa = XCBuildConfiguration;
			buildSettings = {
				ALWAYS_EMBED_SWIFT_STANDARD_LIBRARIES = YES;
				BUNDLE_LOADER = "$(TEST_HOST)";
				DEVELOPMENT_TEAM = CGQ3PWYR2M;
				INFOPLIST_FILE = pokedexTests/Info.plist;
				LD_RUNPATH_SEARCH_PATHS = "$(inherited) @executable_path/Frameworks @loader_path/Frameworks";
				PRODUCT_BUNDLE_IDENTIFIER = com.pragso.pokedexTests;
				PRODUCT_NAME = "$(TARGET_NAME)";
				SWIFT_VERSION = 3.0;
				TEST_HOST = "$(BUILT_PRODUCTS_DIR)/pokedex.app/pokedex";
			};
			name = Release;
		};
		1303CB5B1E72544800CA98F4 /* Debug */ = {
			isa = XCBuildConfiguration;
			buildSettings = {
				ALWAYS_EMBED_SWIFT_STANDARD_LIBRARIES = YES;
				DEVELOPMENT_TEAM = CGQ3PWYR2M;
				INFOPLIST_FILE = pokedexUITests/Info.plist;
				LD_RUNPATH_SEARCH_PATHS = "$(inherited) @executable_path/Frameworks @loader_path/Frameworks";
				PRODUCT_BUNDLE_IDENTIFIER = com.pragso.pokedexUITests;
				PRODUCT_NAME = "$(TARGET_NAME)";
				SWIFT_VERSION = 3.0;
				TEST_TARGET_NAME = pokedex;
			};
			name = Debug;
		};
		1303CB5C1E72544800CA98F4 /* Release */ = {
			isa = XCBuildConfiguration;
			buildSettings = {
				ALWAYS_EMBED_SWIFT_STANDARD_LIBRARIES = YES;
				DEVELOPMENT_TEAM = CGQ3PWYR2M;
				INFOPLIST_FILE = pokedexUITests/Info.plist;
				LD_RUNPATH_SEARCH_PATHS = "$(inherited) @executable_path/Frameworks @loader_path/Frameworks";
				PRODUCT_BUNDLE_IDENTIFIER = com.pragso.pokedexUITests;
				PRODUCT_NAME = "$(TARGET_NAME)";
				SWIFT_VERSION = 3.0;
				TEST_TARGET_NAME = pokedex;
			};
			name = Release;
		};
/* End XCBuildConfiguration section */

/* Begin XCConfigurationList section */
		1303CB271E72544800CA98F4 /* Build configuration list for PBXProject "pokedex" */ = {
			isa = XCConfigurationList;
			buildConfigurations = (
				1303CB521E72544800CA98F4 /* Debug */,
				1303CB531E72544800CA98F4 /* Release */,
			);
			defaultConfigurationIsVisible = 0;
			defaultConfigurationName = Release;
		};
		1303CB541E72544800CA98F4 /* Build configuration list for PBXNativeTarget "pokedex" */ = {
			isa = XCConfigurationList;
			buildConfigurations = (
				1303CB551E72544800CA98F4 /* Debug */,
				1303CB561E72544800CA98F4 /* Release */,
			);
			defaultConfigurationIsVisible = 0;
			defaultConfigurationName = Release;
		};
		1303CB571E72544800CA98F4 /* Build configuration list for PBXNativeTarget "pokedexTests" */ = {
			isa = XCConfigurationList;
			buildConfigurations = (
				1303CB581E72544800CA98F4 /* Debug */,
				1303CB591E72544800CA98F4 /* Release */,
			);
			defaultConfigurationIsVisible = 0;
			defaultConfigurationName = Release;
		};
		1303CB5A1E72544800CA98F4 /* Build configuration list for PBXNativeTarget "pokedexUITests" */ = {
			isa = XCConfigurationList;
			buildConfigurations = (
				1303CB5B1E72544800CA98F4 /* Debug */,
				1303CB5C1E72544800CA98F4 /* Release */,
			);
			defaultConfigurationIsVisible = 0;
			defaultConfigurationName = Release;
		};
/* End XCConfigurationList section */
	};
	rootObject = 1303CB241E72544800CA98F4 /* Project object */;
}
